// !$*UTF8*$!
{
	archiveVersion = 1;
	classes = {
	};
	objectVersion = 46;
	objects = {

/* Begin PBXBuildFile section */
		FB456CC71E9DAF7200B479E9 /* AppDelegate.swift in Sources */ = {isa = PBXBuildFile; fileRef = FB456CC61E9DAF7200B479E9 /* AppDelegate.swift */; };
		FB456CC91E9DAF7200B479E9 /* ViewController.swift in Sources */ = {isa = PBXBuildFile; fileRef = FB456CC81E9DAF7200B479E9 /* ViewController.swift */; };
		FB456CCC1E9DAF7200B479E9 /* Main.storyboard in Resources */ = {isa = PBXBuildFile; fileRef = FB456CCA1E9DAF7200B479E9 /* Main.storyboard */; };
		FB456CCE1E9DAF7200B479E9 /* Assets.xcassets in Resources */ = {isa = PBXBuildFile; fileRef = FB456CCD1E9DAF7200B479E9 /* Assets.xcassets */; };
		FB456CD11E9DAF7200B479E9 /* LaunchScreen.storyboard in Resources */ = {isa = PBXBuildFile; fileRef = FB456CCF1E9DAF7200B479E9 /* LaunchScreen.storyboard */; };
/* End PBXBuildFile section */

/* Begin PBXFileReference section */
		FB456CC31E9DAF7200B479E9 /* Multimedia.app */ = {isa = PBXFileReference; explicitFileType = wrapper.application; includeInIndex = 0; path = Multimedia.app; sourceTree = BUILT_PRODUCTS_DIR; };
		FB456CC61E9DAF7200B479E9 /* AppDelegate.swift */ = {isa = PBXFileReference; lastKnownFileType = sourcecode.swift; path = AppDelegate.swift; sourceTree = "<group>"; };
		FB456CC81E9DAF7200B479E9 /* ViewController.swift */ = {isa = PBXFileReference; lastKnownFileType = sourcecode.swift; path = ViewController.swift; sourceTree = "<group>"; };
		FB456CCB1E9DAF7200B479E9 /* Base */ = {isa = PBXFileReference; lastKnownFileType = file.storyboard; name = Base; path = Base.lproj/Main.storyboard; sourceTree = "<group>"; };
		FB456CCD1E9DAF7200B479E9 /* Assets.xcassets */ = {isa = PBXFileReference; lastKnownFileType = folder.assetcatalog; path = Assets.xcassets; sourceTree = "<group>"; };
		FB456CD01E9DAF7200B479E9 /* Base */ = {isa = PBXFileReference; lastKnownFileType = file.storyboard; name = Base; path = Base.lproj/LaunchScreen.storyboard; sourceTree = "<group>"; };
		FB456CD21E9DAF7200B479E9 /* Info.plist */ = {isa = PBXFileReference; lastKnownFileType = text.plist.xml; path = Info.plist; sourceTree = "<group>"; };
/* End PBXFileReference section */

/* Begin PBXFrameworksBuildPhase section */
		FB456CC01E9DAF7200B479E9 /* Frameworks */ = {
			isa = PBXFrameworksBuildPhase;
			buildActionMask = 2147483647;
			files = (
			);
			runOnlyForDeploymentPostprocessing = 0;
		};
/* End PBXFrameworksBuildPhase section */

/* Begin PBXGroup section */
		FB456CBA1E9DAF7200B479E9 = {
			isa = PBXGroup;
			children = (
				FB456CC51E9DAF7200B479E9 /* Multimedia */,
				FB456CC41E9DAF7200B479E9 /* Products */,
			);
			sourceTree = "<group>";
		};
		FB456CC41E9DAF7200B479E9 /* Products */ = {
			isa = PBXGroup;
			children = (
				FB456CC31E9DAF7200B479E9 /* Multimedia.app */,
			);
			name = Products;
			sourceTree = "<group>";
		};
		FB456CC51E9DAF7200B479E9 /* Multimedia */ = {
			isa = PBXGroup;
			children = (
				FB456CC61E9DAF7200B479E9 /* AppDelegate.swift */,
				FB456CC81E9DAF7200B479E9 /* ViewController.swift */,
				FB456CCA1E9DAF7200B479E9 /* Main.storyboard */,
				FB456CCD1E9DAF7200B479E9 /* Assets.xcassets */,
				FB456CCF1E9DAF7200B479E9 /* LaunchScreen.storyboard */,
				FB456CD21E9DAF7200B479E9 /* Info.plist */,
			);
			path = Multimedia;
			sourceTree = "<group>";
		};
/* End PBXGroup section */

/* Begin PBXNativeTarget section */
		FB456CC21E9DAF7200B479E9 /* Multimedia */ = {
			isa = PBXNativeTarget;
			buildConfigurationList = FB456CD51E9DAF7200B479E9 /* Build configuration list for PBXNativeTarget "Multimedia" */;
			buildPhases = (
				FB456CBF1E9DAF7200B479E9 /* Sources */,
				FB456CC01E9DAF7200B479E9 /* Frameworks */,
				FB456CC11E9DAF7200B479E9 /* Resources */,
			);
			buildRules = (
			);
			dependencies = (
			);
			name = Multimedia;
			productName = Multimedia;
			productReference = FB456CC31E9DAF7200B479E9 /* Multimedia.app */;
			productType = "com.apple.product-type.application";
		};
/* End PBXNativeTarget section */

/* Begin PBXProject section */
		FB456CBB1E9DAF7200B479E9 /* Project object */ = {
			isa = PBXProject;
			attributes = {
				LastSwiftUpdateCheck = 0800;
				LastUpgradeCheck = 0800;
				ORGANIZATIONNAME = "Jorge Luis Limo";
				TargetAttributes = {
					FB456CC21E9DAF7200B479E9 = {
						CreatedOnToolsVersion = 8.0;
						ProvisioningStyle = Automatic;
					};
				};
			};
			buildConfigurationList = FB456CBE1E9DAF7200B479E9 /* Build configuration list for PBXProject "Multimedia" */;
			compatibilityVersion = "Xcode 3.2";
			developmentRegion = English;
			hasScannedForEncodings = 0;
			knownRegions = (
				en,
				Base,
			);
			mainGroup = FB456CBA1E9DAF7200B479E9;
			productRefGroup = FB456CC41E9DAF7200B479E9 /* Products */;
			projectDirPath = "";
			projectRoot = "";
			targets = (
				FB456CC21E9DAF7200B479E9 /* Multimedia */,
			);
		};
/* End PBXProject section */

/* Begin PBXResourcesBuildPhase section */
		FB456CC11E9DAF7200B479E9 /* Resources */ = {
			isa = PBXResourcesBuildPhase;
			buildActionMask = 2147483647;
			files = (
				FB456CD11E9DAF7200B479E9 /* LaunchScreen.storyboard in Resources */,
				FB456CCE1E9DAF7200B479E9 /* Assets.xcassets in Resources */,
				FB456CCC1E9DAF7200B479E9 /* Main.storyboard in Resources */,
			);
			runOnlyForDeploymentPostprocessing = 0;
		};
/* End PBXResourcesBuildPhase section */

/* Begin PBXSourcesBuildPhase section */
		FB456CBF1E9DAF7200B479E9 /* Sources */ = {
			isa = PBXSourcesBuildPhase;
			buildActionMask = 2147483647;
			files = (
				FB456CC91E9DAF7200B479E9 /* ViewController.swift in Sources */,
				FB456CC71E9DAF7200B479E9 /* AppDelegate.swift in Sources */,
			);
			runOnlyForDeploymentPostprocessing = 0;
		};
/* End PBXSourcesBuildPhase section */

/* Begin PBXVariantGroup section */
		FB456CCA1E9DAF7200B479E9 /* Main.storyboard */ = {
			isa = PBXVariantGroup;
			children = (
				FB456CCB1E9DAF7200B479E9 /* Base */,
			);
			name = Main.storyboard;
			sourceTree = "<group>";
		};
		FB456CCF1E9DAF7200B479E9 /* LaunchScreen.storyboard */ = {
			isa = PBXVariantGroup;
			children = (
				FB456CD01E9DAF7200B479E9 /* Base */,
			);
			name = LaunchScreen.storyboard;
			sourceTree = "<group>";
		};
/* End PBXVariantGroup section */

/* Begin XCBuildConfiguration section */
		FB456CD31E9DAF7200B479E9 /* Debug */ = {
			isa = XCBuildConfiguration;
			buildSettings = {
				ALWAYS_SEARCH_USER_PATHS = NO;
				CLANG_ANALYZER_NONNULL = YES;
				CLANG_CXX_LANGUAGE_STANDARD = "gnu++0x";
				CLANG_CXX_LIBRARY = "libc++";
				CLANG_ENABLE_MODULES = YES;
				CLANG_ENABLE_OBJC_ARC = YES;
				CLANG_WARN_BOOL_CONVERSION = YES;
				CLANG_WARN_CONSTANT_CONVERSION = YES;
				CLANG_WARN_DIRECT_OBJC_ISA_USAGE = YES_ERROR;
				CLANG_WARN_DOCUMENTATION_COMMENTS = YES;
				CLANG_WARN_EMPTY_BODY = YES;
				CLANG_WARN_ENUM_CONVERSION = YES;
				CLANG_WARN_INFINITE_RECURSION = YES;
				CLANG_WARN_INT_CONVERSION = YES;
				CLANG_WARN_OBJC_ROOT_CLASS = YES_ERROR;
				CLANG_WARN_SUSPICIOUS_MOVES = YES;
				CLANG_WARN_UNREACHABLE_CODE = YES;
				CLANG_WARN__DUPLICATE_METHOD_MATCH = YES;
				"CODE_SIGN_IDENTITY[sdk=iphoneos*]" = "iPhone Developer";
				COPY_PHASE_STRIP = NO;
				DEBUG_INFORMATION_FORMAT = dwarf;
				ENABLE_STRICT_OBJC_MSGSEND = YES;
				ENABLE_TESTABILITY = YES;
				GCC_C_LANGUAGE_STANDARD = gnu99;
				GCC_DYNAMIC_NO_PIC = NO;
				GCC_NO_COMMON_BLOCKS = YES;
				GCC_OPTIMIZATION_LEVEL = 0;
				GCC_PREPROCESSOR_DEFINITIONS = (
					"DEBUG=1",
					"$(inherited)",
				);
				GCC_WARN_64_TO_32_BIT_CONVERSION = YES;
				GCC_WARN_ABOUT_RETURN_TYPE = YES_ERROR;
				GCC_WARN_UNDECLARED_SELECTOR = YES;
				GCC_WARN_UNINITIALIZED_AUTOS = YES_AGGRESSIVE;
				GCC_WARN_UNUSED_FUNCTION = YES;
				GCC_WARN_UNUSED_VARIABLE = YES;
				IPHONEOS_DEPLOYMENT_TARGET = 10.0;
				MTL_ENABLE_DEBUG_INFO = YES;
				ONLY_ACTIVE_ARCH = YES;
				SDKROOT = iphoneos;
				SWIFT_ACTIVE_COMPILATION_CONDITIONS = DEBUG;
				SWIFT_OPTIMIZATION_LEVEL = "-Onone";
				TARGETED_DEVICE_FAMILY = "1,2";
			};
			name = Debug;
		};
		FB456CD41E9DAF7200B479E9 /* Release */ = {
			isa = XCBuildConfiguration;
			buildSettings = {
				ALWAYS_SEARCH_USER_PATHS = NO;
				CLANG_ANALYZER_NONNULL = YES;
				CLANG_CXX_LANGUAGE_STANDARD = "gnu++0x";
				CLANG_CXX_LIBRARY = "libc++";
				CLANG_ENABLE_MODULES = YES;
				CLANG_ENABLE_OBJC_ARC = YES;
				CLANG_WARN_BOOL_CONVERSION = YES;
				CLANG_WARN_CONSTANT_CONVERSION = YES;
				CLANG_WARN_DIRECT_OBJC_ISA_USAGE = YES_ERROR;
				CLANG_WARN_DOCUMENTATION_COMMENTS = YES;
				CLANG_WARN_EMPTY_BODY = YES;
				CLANG_WARN_ENUM_CONVERSION = YES;
				CLANG_WARN_INFINITE_RECURSION = YES;
				CLANG_WARN_INT_CONVERSION = YES;
				CLANG_WARN_OBJC_ROOT_CLASS = YES_ERROR;
				CLANG_WARN_SUSPICIOUS_MOVES = YES;
				CLANG_WARN_UNREACHABLE_CODE = YES;
				CLANG_WARN__DUPLICATE_METHOD_MATCH = YES;
				"CODE_SIGN_IDENTITY[sdk=iphoneos*]" = "iPhone Developer";
				COPY_PHASE_STRIP = NO;
				DEBUG_INFORMATION_FORMAT = "dwarf-with-dsym";
				ENABLE_NS_ASSERTIONS = NO;
				ENABLE_STRICT_OBJC_MSGSEND = YES;
				GCC_C_LANGUAGE_STANDARD = gnu99;
				GCC_NO_COMMON_BLOCKS = YES;
				GCC_WARN_64_TO_32_BIT_CONVERSION = YES;
				GCC_WARN_ABOUT_RETURN_TYPE = YES_ERROR;
				GCC_WARN_UNDECLARED_SELECTOR = YES;
				GCC_WARN_UNINITIALIZED_AUTOS = YES_AGGRESSIVE;
				GCC_WARN_UNUSED_FUNCTION = YES;
				GCC_WARN_UNUSED_VARIABLE = YES;
				IPHONEOS_DEPLOYMENT_TARGET = 10.0;
				MTL_ENABLE_DEBUG_INFO = NO;
				SDKROOT = iphoneos;
				SWIFT_OPTIMIZATION_LEVEL = "-Owholemodule";
				TARGETED_DEVICE_FAMILY = "1,2";
				VALIDATE_PRODUCT = YES;
			};
			name = Release;
		};
		FB456CD61E9DAF7200B479E9 /* Debug */ = {
			isa = XCBuildConfiguration;
			buildSettings = {
				ASSETCATALOG_COMPILER_APPICON_NAME = AppIcon;
				INFOPLIST_FILE = Multimedia/Info.plist;
				LD_RUNPATH_SEARCH_PATHS = "$(inherited) @executable_path/Frameworks";
				PRODUCT_BUNDLE_IDENTIFIER = pe.ourlimm.Multimedia;
				PRODUCT_NAME = "$(TARGET_NAME)";
				SWIFT_VERSION = 3.0;
			};
			name = Debug;
		};
		FB456CD71E9DAF7200B479E9 /* Release */ = {
			isa = XCBuildConfiguration;
			buildSettings = {
				ASSETCATALOG_COMPILER_APPICON_NAME = AppIcon;
				INFOPLIST_FILE = Multimedia/Info.plist;
				LD_RUNPATH_SEARCH_PATHS = "$(inherited) @executable_path/Frameworks";
				PRODUCT_BUNDLE_IDENTIFIER = pe.ourlimm.Multimedia;
				PRODUCT_NAME = "$(TARGET_NAME)";
				SWIFT_VERSION = 3.0;
			};
			name = Release;
		};
/* End XCBuildConfiguration section */

/* Begin XCConfigurationList section */
		FB456CBE1E9DAF7200B479E9 /* Build configuration list for PBXProject "Multimedia" */ = {
			isa = XCConfigurationList;
			buildConfigurations = (
				FB456CD31E9DAF7200B479E9 /* Debug */,
				FB456CD41E9DAF7200B479E9 /* Release */,
			);
			defaultConfigurationIsVisible = 0;
			defaultConfigurationName = Release;
		};
		FB456CD51E9DAF7200B479E9 /* Build configuration list for PBXNativeTarget "Multimedia" */ = {
			isa = XCConfigurationList;
			buildConfigurations = (
				FB456CD61E9DAF7200B479E9 /* Debug */,
				FB456CD71E9DAF7200B479E9 /* Release */,
			);
			defaultConfigurationIsVisible = 0;
		};
/* End XCConfigurationList section */
	};
	rootObject = FB456CBB1E9DAF7200B479E9 /* Project object */;
}
